// !$*UTF8*$!
{
	archiveVersion = 1;
	classes = {
	};
	objectVersion = 46;
	objects = {

/* Begin PBXBuildFile section */
		045851D61BE62E0B00951D17 /* NNLeftMenuButton.m in Sources */ = {isa = PBXBuildFile; fileRef = 045851D51BE62E0B00951D17 /* NNLeftMenuButton.m */; };
		045851D91BE6538B00951D17 /* NNNavigationBar.m in Sources */ = {isa = PBXBuildFile; fileRef = 045851D81BE6538B00951D17 /* NNNavigationBar.m */; };
		045851DC1BE6594700951D17 /* NNAdViewController.m in Sources */ = {isa = PBXBuildFile; fileRef = 045851DB1BE6594700951D17 /* NNAdViewController.m */; };
		045851E21BE65C1700951D17 /* Default-568h@2x.png in Resources */ = {isa = PBXBuildFile; fileRef = 045851E11BE65C1700951D17 /* Default-568h@2x.png */; };
		045851E61BE6640E00951D17 /* NNRightMenuViewController.m in Sources */ = {isa = PBXBuildFile; fileRef = 045851E41BE6640E00951D17 /* NNRightMenuViewController.m */; };
		045851E71BE6640E00951D17 /* NNRightMenuViewController.xib in Resources */ = {isa = PBXBuildFile; fileRef = 045851E51BE6640E00951D17 /* NNRightMenuViewController.xib */; };
		045851EA1BE6871B00951D17 /* NNRightMenuCenterViewRow.m in Sources */ = {isa = PBXBuildFile; fileRef = 045851E91BE6871B00951D17 /* NNRightMenuCenterViewRow.m */; };
		045851EC1BE6882E00951D17 /* NNRightMenuCenterViewRow.xib in Resources */ = {isa = PBXBuildFile; fileRef = 045851EB1BE6882E00951D17 /* NNRightMenuCenterViewRow.xib */; };
		048692041BE3DB1B00D4906F /* NeteaseNews.xcdatamodeld in Sources */ = {isa = PBXBuildFile; fileRef = 048692021BE3DB1B00D4906F /* NeteaseNews.xcdatamodeld */; };
		0486920C1BE3DB1B00D4906F /* Images.xcassets in Resources */ = {isa = PBXBuildFile; fileRef = 0486920B1BE3DB1B00D4906F /* Images.xcassets */; };
		0486921B1BE3DB1B00D4906F /* NeteaseNewsTests.m in Sources */ = {isa = PBXBuildFile; fileRef = 0486921A1BE3DB1B00D4906F /* NeteaseNewsTests.m */; };
		04ABA3A21BE5487B00DFA49A /* UIBarButtonItem+Extension.m in Sources */ = {isa = PBXBuildFile; fileRef = 04ABA38F1BE5487B00DFA49A /* UIBarButtonItem+Extension.m */; };
		04ABA3A31BE5487B00DFA49A /* UIImage+Extension.m in Sources */ = {isa = PBXBuildFile; fileRef = 04ABA3911BE5487B00DFA49A /* UIImage+Extension.m */; };
		04ABA3A41BE5487B00DFA49A /* UIView+Extension.m in Sources */ = {isa = PBXBuildFile; fileRef = 04ABA3931BE5487B00DFA49A /* UIView+Extension.m */; };
		04ABA3A51BE5487B00DFA49A /* NNMainViewController.m in Sources */ = {isa = PBXBuildFile; fileRef = 04ABA3961BE5487B00DFA49A /* NNMainViewController.m */; };
		04ABA3A61BE5487B00DFA49A /* NNNavgationController.m in Sources */ = {isa = PBXBuildFile; fileRef = 04ABA3981BE5487B00DFA49A /* NNNavgationController.m */; };
		04ABA3A71BE5487B00DFA49A /* NNNewsTableViewController.m in Sources */ = {isa = PBXBuildFile; fileRef = 04ABA39A1BE5487B00DFA49A /* NNNewsTableViewController.m */; };
		04ABA3A81BE5487B00DFA49A /* NNReadingTableViewController.m in Sources */ = {isa = PBXBuildFile; fileRef = 04ABA39C1BE5487B00DFA49A /* NNReadingTableViewController.m */; };
		04ABA3A91BE5487B00DFA49A /* NNLeftMenu.m in Sources */ = {isa = PBXBuildFile; fileRef = 04ABA39F1BE5487B00DFA49A /* NNLeftMenu.m */; };
		04ABA3AA1BE5487B00DFA49A /* NNTitleView.m in Sources */ = {isa = PBXBuildFile; fileRef = 04ABA3A11BE5487B00DFA49A /* NNTitleView.m */; };
		04ABA3AC1BE548C500DFA49A /* Main.storyboard in Resources */ = {isa = PBXBuildFile; fileRef = 04ABA3AB1BE548C500DFA49A /* Main.storyboard */; };
		04ABA3AE1BE548D500DFA49A /* main.m in Sources */ = {isa = PBXBuildFile; fileRef = 04ABA3AD1BE548D500DFA49A /* main.m */; };
		04ABA3B11BE548E200DFA49A /* AppDelegate.m in Sources */ = {isa = PBXBuildFile; fileRef = 04ABA3B01BE548E200DFA49A /* AppDelegate.m */; };
/* End PBXBuildFile section */

/* Begin PBXContainerItemProxy section */
		048692151BE3DB1B00D4906F /* PBXContainerItemProxy */ = {
			isa = PBXContainerItemProxy;
			containerPortal = 048691F01BE3DB1B00D4906F /* Project object */;
			proxyType = 1;
			remoteGlobalIDString = 048691F71BE3DB1B00D4906F;
			remoteInfo = NeteaseNews;
		};
/* End PBXContainerItemProxy section */

/* Begin PBXFileReference section */
		045851D31BE617C600951D17 /* HMSingleton.h */ = {isa = PBXFileReference; lastKnownFileType = sourcecode.c.h; path = HMSingleton.h; sourceTree = "<group>"; };
		045851D41BE62E0B00951D17 /* NNLeftMenuButton.h */ = {isa = PBXFileReference; fileEncoding = 4; lastKnownFileType = sourcecode.c.h; path = NNLeftMenuButton.h; sourceTree = "<group>"; };
		045851D51BE62E0B00951D17 /* NNLeftMenuButton.m */ = {isa = PBXFileReference; fileEncoding = 4; lastKnownFileType = sourcecode.c.objc; path = NNLeftMenuButton.m; sourceTree = "<group>"; };
		045851D71BE6538B00951D17 /* NNNavigationBar.h */ = {isa = PBXFileReference; fileEncoding = 4; lastKnownFileType = sourcecode.c.h; path = NNNavigationBar.h; sourceTree = "<group>"; };
		045851D81BE6538B00951D17 /* NNNavigationBar.m */ = {isa = PBXFileReference; fileEncoding = 4; lastKnownFileType = sourcecode.c.objc; path = NNNavigationBar.m; sourceTree = "<group>"; };
		045851DA1BE6594700951D17 /* NNAdViewController.h */ = {isa = PBXFileReference; fileEncoding = 4; lastKnownFileType = sourcecode.c.h; path = NNAdViewController.h; sourceTree = "<group>"; };
		045851DB1BE6594700951D17 /* NNAdViewController.m */ = {isa = PBXFileReference; fileEncoding = 4; lastKnownFileType = sourcecode.c.objc; path = NNAdViewController.m; sourceTree = "<group>"; };
		045851E11BE65C1700951D17 /* Default-568h@2x.png */ = {isa = PBXFileReference; lastKnownFileType = image.png; name = "Default-568h@2x.png"; path = "Images.xcassets/LaunchImage.launchimage/Default-568h@2x.png"; sourceTree = "<group>"; };
		045851E31BE6640E00951D17 /* NNRightMenuViewController.h */ = {isa = PBXFileReference; fileEncoding = 4; lastKnownFileType = sourcecode.c.h; path = NNRightMenuViewController.h; sourceTree = "<group>"; };
		045851E41BE6640E00951D17 /* NNRightMenuViewController.m */ = {isa = PBXFileReference; fileEncoding = 4; lastKnownFileType = sourcecode.c.objc; path = NNRightMenuViewController.m; sourceTree = "<group>"; };
		045851E51BE6640E00951D17 /* NNRightMenuViewController.xib */ = {isa = PBXFileReference; fileEncoding = 4; lastKnownFileType = file.xib; path = NNRightMenuViewController.xib; sourceTree = "<group>"; };
		045851E81BE6871B00951D17 /* NNRightMenuCenterViewRow.h */ = {isa = PBXFileReference; fileEncoding = 4; lastKnownFileType = sourcecode.c.h; path = NNRightMenuCenterViewRow.h; sourceTree = "<group>"; };
		045851E91BE6871B00951D17 /* NNRightMenuCenterViewRow.m */ = {isa = PBXFileReference; fileEncoding = 4; lastKnownFileType = sourcecode.c.objc; path = NNRightMenuCenterViewRow.m; sourceTree = "<group>"; };
		045851EB1BE6882E00951D17 /* NNRightMenuCenterViewRow.xib */ = {isa = PBXFileReference; fileEncoding = 4; lastKnownFileType = file.xib; path = NNRightMenuCenterViewRow.xib; sourceTree = "<group>"; };
		048691F81BE3DB1B00D4906F /* NeteaseNews.app */ = {isa = PBXFileReference; explicitFileType = wrapper.application; includeInIndex = 0; path = NeteaseNews.app; sourceTree = BUILT_PRODUCTS_DIR; };
		048691FC1BE3DB1B00D4906F /* Info.plist */ = {isa = PBXFileReference; lastKnownFileType = text.plist.xml; path = Info.plist; sourceTree = "<group>"; };
		048692031BE3DB1B00D4906F /* NeteaseNews.xcdatamodel */ = {isa = PBXFileReference; lastKnownFileType = wrapper.xcdatamodel; path = NeteaseNews.xcdatamodel; sourceTree = "<group>"; };
		0486920B1BE3DB1B00D4906F /* Images.xcassets */ = {isa = PBXFileReference; lastKnownFileType = folder.assetcatalog; path = Images.xcassets; sourceTree = "<group>"; };
		048692141BE3DB1B00D4906F /* NeteaseNewsTests.xctest */ = {isa = PBXFileReference; explicitFileType = wrapper.cfbundle; includeInIndex = 0; path = NeteaseNewsTests.xctest; sourceTree = BUILT_PRODUCTS_DIR; };
		048692191BE3DB1B00D4906F /* Info.plist */ = {isa = PBXFileReference; lastKnownFileType = text.plist.xml; path = Info.plist; sourceTree = "<group>"; };
		0486921A1BE3DB1B00D4906F /* NeteaseNewsTests.m */ = {isa = PBXFileReference; lastKnownFileType = sourcecode.c.objc; path = NeteaseNewsTests.m; sourceTree = "<group>"; };
		048692341BE3E44E00D4906F /* PrefixHeader.pch */ = {isa = PBXFileReference; fileEncoding = 4; lastKnownFileType = sourcecode.c.h; path = PrefixHeader.pch; sourceTree = "<group>"; };
		04ABA38E1BE5487B00DFA49A /* UIBarButtonItem+Extension.h */ = {isa = PBXFileReference; fileEncoding = 4; lastKnownFileType = sourcecode.c.h; path = "UIBarButtonItem+Extension.h"; sourceTree = "<group>"; };
		04ABA38F1BE5487B00DFA49A /* UIBarButtonItem+Extension.m */ = {isa = PBXFileReference; fileEncoding = 4; lastKnownFileType = sourcecode.c.objc; path = "UIBarButtonItem+Extension.m"; sourceTree = "<group>"; };
		04ABA3901BE5487B00DFA49A /* UIImage+Extension.h */ = {isa = PBXFileReference; fileEncoding = 4; lastKnownFileType = sourcecode.c.h; path = "UIImage+Extension.h"; sourceTree = "<group>"; };
		04ABA3911BE5487B00DFA49A /* UIImage+Extension.m */ = {isa = PBXFileReference; fileEncoding = 4; lastKnownFileType = sourcecode.c.objc; path = "UIImage+Extension.m"; sourceTree = "<group>"; };
		04ABA3921BE5487B00DFA49A /* UIView+Extension.h */ = {isa = PBXFileReference; fileEncoding = 4; lastKnownFileType = sourcecode.c.h; path = "UIView+Extension.h"; sourceTree = "<group>"; };
		04ABA3931BE5487B00DFA49A /* UIView+Extension.m */ = {isa = PBXFileReference; fileEncoding = 4; lastKnownFileType = sourcecode.c.objc; path = "UIView+Extension.m"; sourceTree = "<group>"; };
		04ABA3951BE5487B00DFA49A /* NNMainViewController.h */ = {isa = PBXFileReference; fileEncoding = 4; lastKnownFileType = sourcecode.c.h; path = NNMainViewController.h; sourceTree = "<group>"; };
		04ABA3961BE5487B00DFA49A /* NNMainViewController.m */ = {isa = PBXFileReference; fileEncoding = 4; lastKnownFileType = sourcecode.c.objc; path = NNMainViewController.m; sourceTree = "<group>"; };
		04ABA3971BE5487B00DFA49A /* NNNavgationController.h */ = {isa = PBXFileReference; fileEncoding = 4; lastKnownFileType = sourcecode.c.h; path = NNNavgationController.h; sourceTree = "<group>"; };
		04ABA3981BE5487B00DFA49A /* NNNavgationController.m */ = {isa = PBXFileReference; fileEncoding = 4; lastKnownFileType = sourcecode.c.objc; path = NNNavgationController.m; sourceTree = "<group>"; };
		04ABA3991BE5487B00DFA49A /* NNNewsTableViewController.h */ = {isa = PBXFileReference; fileEncoding = 4; lastKnownFileType = sourcecode.c.h; path = NNNewsTableViewController.h; sourceTree = "<group>"; };
		04ABA39A1BE5487B00DFA49A /* NNNewsTableViewController.m */ = {isa = PBXFileReference; fileEncoding = 4; lastKnownFileType = sourcecode.c.objc; path = NNNewsTableViewController.m; sourceTree = "<group>"; };
		04ABA39B1BE5487B00DFA49A /* NNReadingTableViewController.h */ = {isa = PBXFileReference; fileEncoding = 4; lastKnownFileType = sourcecode.c.h; path = NNReadingTableViewController.h; sourceTree = "<group>"; };
		04ABA39C1BE5487B00DFA49A /* NNReadingTableViewController.m */ = {isa = PBXFileReference; fileEncoding = 4; lastKnownFileType = sourcecode.c.objc; path = NNReadingTableViewController.m; sourceTree = "<group>"; };
		04ABA39E1BE5487B00DFA49A /* NNLeftMenu.h */ = {isa = PBXFileReference; fileEncoding = 4; lastKnownFileType = sourcecode.c.h; path = NNLeftMenu.h; sourceTree = "<group>"; };
		04ABA39F1BE5487B00DFA49A /* NNLeftMenu.m */ = {isa = PBXFileReference; fileEncoding = 4; lastKnownFileType = sourcecode.c.objc; path = NNLeftMenu.m; sourceTree = "<group>"; };
		04ABA3A01BE5487B00DFA49A /* NNTitleView.h */ = {isa = PBXFileReference; fileEncoding = 4; lastKnownFileType = sourcecode.c.h; path = NNTitleView.h; sourceTree = "<group>"; };
		04ABA3A11BE5487B00DFA49A /* NNTitleView.m */ = {isa = PBXFileReference; fileEncoding = 4; lastKnownFileType = sourcecode.c.objc; path = NNTitleView.m; sourceTree = "<group>"; };
		04ABA3AB1BE548C500DFA49A /* Main.storyboard */ = {isa = PBXFileReference; fileEncoding = 4; lastKnownFileType = file.storyboard; path = Main.storyboard; sourceTree = "<group>"; };
		04ABA3AD1BE548D500DFA49A /* main.m */ = {isa = PBXFileReference; fileEncoding = 4; lastKnownFileType = sourcecode.c.objc; path = main.m; sourceTree = "<group>"; };
		04ABA3AF1BE548E200DFA49A /* AppDelegate.h */ = {isa = PBXFileReference; fileEncoding = 4; lastKnownFileType = sourcecode.c.h; path = AppDelegate.h; sourceTree = "<group>"; };
		04ABA3B01BE548E200DFA49A /* AppDelegate.m */ = {isa = PBXFileReference; fileEncoding = 4; lastKnownFileType = sourcecode.c.objc; path = AppDelegate.m; sourceTree = "<group>"; };
/* End PBXFileReference section */

/* Begin PBXFrameworksBuildPhase section */
		048691F51BE3DB1B00D4906F /* Frameworks */ = {
			isa = PBXFrameworksBuildPhase;
			buildActionMask = 2147483647;
			files = (
			);
			runOnlyForDeploymentPostprocessing = 0;
		};
		048692111BE3DB1B00D4906F /* Frameworks */ = {
			isa = PBXFrameworksBuildPhase;
			buildActionMask = 2147483647;
			files = (
			);
			runOnlyForDeploymentPostprocessing = 0;
		};
/* End PBXFrameworksBuildPhase section */

/* Begin PBXGroup section */
		048691EF1BE3DB1B00D4906F = {
			isa = PBXGroup;
			children = (
				048691FA1BE3DB1B00D4906F /* NeteaseNews */,
				048692171BE3DB1B00D4906F /* NeteaseNewsTests */,
				048691F91BE3DB1B00D4906F /* Products */,
			);
			sourceTree = "<group>";
		};
		048691F91BE3DB1B00D4906F /* Products */ = {
			isa = PBXGroup;
			children = (
				048691F81BE3DB1B00D4906F /* NeteaseNews.app */,
				048692141BE3DB1B00D4906F /* NeteaseNewsTests.xctest */,
			);
			name = Products;
			sourceTree = "<group>";
		};
		048691FA1BE3DB1B00D4906F /* NeteaseNews */ = {
			isa = PBXGroup;
			children = (
				04ABA38C1BE5487B00DFA49A /* Classes */,
				04ABA3AF1BE548E200DFA49A /* AppDelegate.h */,
				04ABA3B01BE548E200DFA49A /* AppDelegate.m */,
				04ABA3AD1BE548D500DFA49A /* main.m */,
				04ABA3AB1BE548C500DFA49A /* Main.storyboard */,
				048691FB1BE3DB1B00D4906F /* Supporting Files */,
			);
			path = NeteaseNews;
			sourceTree = "<group>";
		};
		048691FB1BE3DB1B00D4906F /* Supporting Files */ = {
			isa = PBXGroup;
			children = (
				045851D31BE617C600951D17 /* HMSingleton.h */,
				0486920B1BE3DB1B00D4906F /* Images.xcassets */,
				045851E11BE65C1700951D17 /* Default-568h@2x.png */,
				048692021BE3DB1B00D4906F /* NeteaseNews.xcdatamodeld */,
				048691FC1BE3DB1B00D4906F /* Info.plist */,
				048692341BE3E44E00D4906F /* PrefixHeader.pch */,
			);
			name = "Supporting Files";
			sourceTree = "<group>";
		};
		048692171BE3DB1B00D4906F /* NeteaseNewsTests */ = {
			isa = PBXGroup;
			children = (
				0486921A1BE3DB1B00D4906F /* NeteaseNewsTests.m */,
				048692181BE3DB1B00D4906F /* Supporting Files */,
			);
			path = NeteaseNewsTests;
			sourceTree = "<group>";
		};
		048692181BE3DB1B00D4906F /* Supporting Files */ = {
			isa = PBXGroup;
			children = (
				048692191BE3DB1B00D4906F /* Info.plist */,
			);
			name = "Supporting Files";
			sourceTree = "<group>";
		};
		04ABA38C1BE5487B00DFA49A /* Classes */ = {
			isa = PBXGroup;
			children = (
				04ABA38D1BE5487B00DFA49A /* Category */,
				04ABA3941BE5487B00DFA49A /* Controller */,
				04ABA39D1BE5487B00DFA49A /* View */,
			);
			path = Classes;
			sourceTree = "<group>";
		};
		04ABA38D1BE5487B00DFA49A /* Category */ = {
			isa = PBXGroup;
			children = (
				04ABA38E1BE5487B00DFA49A /* UIBarButtonItem+Extension.h */,
				04ABA38F1BE5487B00DFA49A /* UIBarButtonItem+Extension.m */,
				04ABA3901BE5487B00DFA49A /* UIImage+Extension.h */,
				04ABA3911BE5487B00DFA49A /* UIImage+Extension.m */,
				04ABA3921BE5487B00DFA49A /* UIView+Extension.h */,
				04ABA3931BE5487B00DFA49A /* UIView+Extension.m */,
			);
			path = Category;
			sourceTree = "<group>";
		};
		04ABA3941BE5487B00DFA49A /* Controller */ = {
			isa = PBXGroup;
			children = (
				04ABA3951BE5487B00DFA49A /* NNMainViewController.h */,
				04ABA3961BE5487B00DFA49A /* NNMainViewController.m */,
				04ABA3971BE5487B00DFA49A /* NNNavgationController.h */,
				04ABA3981BE5487B00DFA49A /* NNNavgationController.m */,
				04ABA3991BE5487B00DFA49A /* NNNewsTableViewController.h */,
				04ABA39A1BE5487B00DFA49A /* NNNewsTableViewController.m */,
				04ABA39B1BE5487B00DFA49A /* NNReadingTableViewController.h */,
				04ABA39C1BE5487B00DFA49A /* NNReadingTableViewController.m */,
				045851DA1BE6594700951D17 /* NNAdViewController.h */,
				045851DB1BE6594700951D17 /* NNAdViewController.m */,
				045851E31BE6640E00951D17 /* NNRightMenuViewController.h */,
				045851E41BE6640E00951D17 /* NNRightMenuViewController.m */,
				045851E51BE6640E00951D17 /* NNRightMenuViewController.xib */,
			);
			path = Controller;
			sourceTree = "<group>";
		};
		04ABA39D1BE5487B00DFA49A /* View */ = {
			isa = PBXGroup;
			children = (
				04ABA39E1BE5487B00DFA49A /* NNLeftMenu.h */,
				04ABA39F1BE5487B00DFA49A /* NNLeftMenu.m */,
				045851D41BE62E0B00951D17 /* NNLeftMenuButton.h */,
				045851D51BE62E0B00951D17 /* NNLeftMenuButton.m */,
				04ABA3A01BE5487B00DFA49A /* NNTitleView.h */,
				04ABA3A11BE5487B00DFA49A /* NNTitleView.m */,
				045851D71BE6538B00951D17 /* NNNavigationBar.h */,
				045851D81BE6538B00951D17 /* NNNavigationBar.m */,
				045851E81BE6871B00951D17 /* NNRightMenuCenterViewRow.h */,
				045851E91BE6871B00951D17 /* NNRightMenuCenterViewRow.m */,
				045851EB1BE6882E00951D17 /* NNRightMenuCenterViewRow.xib */,
			);
			path = View;
			sourceTree = "<group>";
		};
/* End PBXGroup section */

/* Begin PBXNativeTarget section */
		048691F71BE3DB1B00D4906F /* NeteaseNews */ = {
			isa = PBXNativeTarget;
			buildConfigurationList = 0486921E1BE3DB1B00D4906F /* Build configuration list for PBXNativeTarget "NeteaseNews" */;
			buildPhases = (
				048691F41BE3DB1B00D4906F /* Sources */,
				048691F51BE3DB1B00D4906F /* Frameworks */,
				048691F61BE3DB1B00D4906F /* Resources */,
			);
			buildRules = (
			);
			dependencies = (
			);
			name = NeteaseNews;
			productName = NeteaseNews;
			productReference = 048691F81BE3DB1B00D4906F /* NeteaseNews.app */;
			productType = "com.apple.product-type.application";
		};
		048692131BE3DB1B00D4906F /* NeteaseNewsTests */ = {
			isa = PBXNativeTarget;
			buildConfigurationList = 048692211BE3DB1B00D4906F /* Build configuration list for PBXNativeTarget "NeteaseNewsTests" */;
			buildPhases = (
				048692101BE3DB1B00D4906F /* Sources */,
				048692111BE3DB1B00D4906F /* Frameworks */,
				048692121BE3DB1B00D4906F /* Resources */,
			);
			buildRules = (
			);
			dependencies = (
				048692161BE3DB1B00D4906F /* PBXTargetDependency */,
			);
			name = NeteaseNewsTests;
			productName = NeteaseNewsTests;
			productReference = 048692141BE3DB1B00D4906F /* NeteaseNewsTests.xctest */;
			productType = "com.apple.product-type.bundle.unit-test";
		};
/* End PBXNativeTarget section */

/* Begin PBXProject section */
		048691F01BE3DB1B00D4906F /* Project object */ = {
			isa = PBXProject;
			attributes = {
				CLASSPREFIX = NN;
				LastUpgradeCheck = 0640;
				ORGANIZATIONNAME = Moobye;
				TargetAttributes = {
					048691F71BE3DB1B00D4906F = {
						CreatedOnToolsVersion = 6.4;
					};
					048692131BE3DB1B00D4906F = {
						CreatedOnToolsVersion = 6.4;
						TestTargetID = 048691F71BE3DB1B00D4906F;
					};
				};
			};
			buildConfigurationList = 048691F31BE3DB1B00D4906F /* Build configuration list for PBXProject "NeteaseNews" */;
			compatibilityVersion = "Xcode 3.2";
			developmentRegion = English;
			hasScannedForEncodings = 0;
			knownRegions = (
				en,
				Base,
			);
			mainGroup = 048691EF1BE3DB1B00D4906F;
			productRefGroup = 048691F91BE3DB1B00D4906F /* Products */;
			projectDirPath = "";
			projectRoot = "";
			targets = (
				048691F71BE3DB1B00D4906F /* NeteaseNews */,
				048692131BE3DB1B00D4906F /* NeteaseNewsTests */,
			);
		};
/* End PBXProject section */

/* Begin PBXResourcesBuildPhase section */
		048691F61BE3DB1B00D4906F /* Resources */ = {
			isa = PBXResourcesBuildPhase;
			buildActionMask = 2147483647;
			files = (
				045851E71BE6640E00951D17 /* NNRightMenuViewController.xib in Resources */,
				0486920C1BE3DB1B00D4906F /* Images.xcassets in Resources */,
				045851E21BE65C1700951D17 /* Default-568h@2x.png in Resources */,
				04ABA3AC1BE548C500DFA49A /* Main.storyboard in Resources */,
				045851EC1BE6882E00951D17 /* NNRightMenuCenterViewRow.xib in Resources */,
			);
			runOnlyForDeploymentPostprocessing = 0;
		};
		048692121BE3DB1B00D4906F /* Resources */ = {
			isa = PBXResourcesBuildPhase;
			buildActionMask = 2147483647;
			files = (
			);
			runOnlyForDeploymentPostprocessing = 0;
		};
/* End PBXResourcesBuildPhase section */

/* Begin PBXSourcesBuildPhase section */
		048691F41BE3DB1B00D4906F /* Sources */ = {
			isa = PBXSourcesBuildPhase;
			buildActionMask = 2147483647;
			files = (
				04ABA3A31BE5487B00DFA49A /* UIImage+Extension.m in Sources */,
				045851D61BE62E0B00951D17 /* NNLeftMenuButton.m in Sources */,
				04ABA3A91BE5487B00DFA49A /* NNLeftMenu.m in Sources */,
				04ABA3A61BE5487B00DFA49A /* NNNavgationController.m in Sources */,
				045851E61BE6640E00951D17 /* NNRightMenuViewController.m in Sources */,
				045851EA1BE6871B00951D17 /* NNRightMenuCenterViewRow.m in Sources */,
				04ABA3A21BE5487B00DFA49A /* UIBarButtonItem+Extension.m in Sources */,
				04ABA3A71BE5487B00DFA49A /* NNNewsTableViewController.m in Sources */,
				04ABA3A51BE5487B00DFA49A /* NNMainViewController.m in Sources */,
				04ABA3A41BE5487B00DFA49A /* UIView+Extension.m in Sources */,
				04ABA3A81BE5487B00DFA49A /* NNReadingTableViewController.m in Sources */,
				045851DC1BE6594700951D17 /* NNAdViewController.m in Sources */,
				04ABA3B11BE548E200DFA49A /* AppDelegate.m in Sources */,
				048692041BE3DB1B00D4906F /* NeteaseNews.xcdatamodeld in Sources */,
				04ABA3AE1BE548D500DFA49A /* main.m in Sources */,
				04ABA3AA1BE5487B00DFA49A /* NNTitleView.m in Sources */,
				045851D91BE6538B00951D17 /* NNNavigationBar.m in Sources */,
			);
			runOnlyForDeploymentPostprocessing = 0;
		};
		048692101BE3DB1B00D4906F /* Sources */ = {
			isa = PBXSourcesBuildPhase;
			buildActionMask = 2147483647;
			files = (
				0486921B1BE3DB1B00D4906F /* NeteaseNewsTests.m in Sources */,
			);
			runOnlyForDeploymentPostprocessing = 0;
		};
/* End PBXSourcesBuildPhase section */

/* Begin PBXTargetDependency section */
		048692161BE3DB1B00D4906F /* PBXTargetDependency */ = {
			isa = PBXTargetDependency;
			target = 048691F71BE3DB1B00D4906F /* NeteaseNews */;
			targetProxy = 048692151BE3DB1B00D4906F /* PBXContainerItemProxy */;
		};
/* End PBXTargetDependency section */

/* Begin XCBuildConfiguration section */
		0486921C1BE3DB1B00D4906F /* Debug */ = {
			isa = XCBuildConfiguration;
			buildSettings = {
				ALWAYS_SEARCH_USER_PATHS = NO;
				CLANG_CXX_LANGUAGE_STANDARD = "gnu++0x";
				CLANG_CXX_LIBRARY = "libc++";
				CLANG_ENABLE_MODULES = YES;
				CLANG_ENABLE_OBJC_ARC = YES;
				CLANG_WARN_BOOL_CONVERSION = YES;
				CLANG_WARN_CONSTANT_CONVERSION = YES;
				CLANG_WARN_DIRECT_OBJC_ISA_USAGE = YES_ERROR;
				CLANG_WARN_EMPTY_BODY = YES;
				CLANG_WARN_ENUM_CONVERSION = YES;
				CLANG_WARN_INT_CONVERSION = YES;
				CLANG_WARN_OBJC_ROOT_CLASS = YES_ERROR;
				CLANG_WARN_UNREACHABLE_CODE = YES;
				CLANG_WARN__DUPLICATE_METHOD_MATCH = YES;
				"CODE_SIGN_IDENTITY[sdk=iphoneos*]" = "iPhone Developer";
				COPY_PHASE_STRIP = NO;
				DEBUG_INFORMATION_FORMAT = "dwarf-with-dsym";
				ENABLE_STRICT_OBJC_MSGSEND = YES;
				GCC_C_LANGUAGE_STANDARD = gnu99;
				GCC_DYNAMIC_NO_PIC = NO;
				GCC_NO_COMMON_BLOCKS = YES;
				GCC_OPTIMIZATION_LEVEL = 0;
				GCC_PREPROCESSOR_DEFINITIONS = (
					"DEBUG=1",
					"$(inherited)",
				);
				GCC_SYMBOLS_PRIVATE_EXTERN = NO;
				GCC_WARN_64_TO_32_BIT_CONVERSION = YES;
				GCC_WARN_ABOUT_RETURN_TYPE = YES_ERROR;
				GCC_WARN_UNDECLARED_SELECTOR = YES;
				GCC_WARN_UNINITIALIZED_AUTOS = YES_AGGRESSIVE;
				GCC_WARN_UNUSED_FUNCTION = YES;
				GCC_WARN_UNUSED_VARIABLE = YES;
				IPHONEOS_DEPLOYMENT_TARGET = 8.4;
				MTL_ENABLE_DEBUG_INFO = YES;
				ONLY_ACTIVE_ARCH = YES;
				SDKROOT = iphoneos;
				TARGETED_DEVICE_FAMILY = "1,2";
			};
			name = Debug;
		};
		0486921D1BE3DB1B00D4906F /* Release */ = {
			isa = XCBuildConfiguration;
			buildSettings = {
				ALWAYS_SEARCH_USER_PATHS = NO;
				CLANG_CXX_LANGUAGE_STANDARD = "gnu++0x";
				CLANG_CXX_LIBRARY = "libc++";
				CLANG_ENABLE_MODULES = YES;
				CLANG_ENABLE_OBJC_ARC = YES;
				CLANG_WARN_BOOL_CONVERSION = YES;
				CLANG_WARN_CONSTANT_CONVERSION = YES;
				CLANG_WARN_DIRECT_OBJC_ISA_USAGE = YES_ERROR;
				CLANG_WARN_EMPTY_BODY = YES;
				CLANG_WARN_ENUM_CONVERSION = YES;
				CLANG_WARN_INT_CONVERSION = YES;
				CLANG_WARN_OBJC_ROOT_CLASS = YES_ERROR;
				CLANG_WARN_UNREACHABLE_CODE = YES;
				CLANG_WARN__DUPLICATE_METHOD_MATCH = YES;
				"CODE_SIGN_IDENTITY[sdk=iphoneos*]" = "iPhone Developer";
				COPY_PHASE_STRIP = NO;
				DEBUG_INFORMATION_FORMAT = "dwarf-with-dsym";
				ENABLE_NS_ASSERTIONS = NO;
				ENABLE_STRICT_OBJC_MSGSEND = YES;
				GCC_C_LANGUAGE_STANDARD = gnu99;
				GCC_NO_COMMON_BLOCKS = YES;
				GCC_WARN_64_TO_32_BIT_CONVERSION = YES;
				GCC_WARN_ABOUT_RETURN_TYPE = YES_ERROR;
				GCC_WARN_UNDECLARED_SELECTOR = YES;
				GCC_WARN_UNINITIALIZED_AUTOS = YES_AGGRESSIVE;
				GCC_WARN_UNUSED_FUNCTION = YES;
				GCC_WARN_UNUSED_VARIABLE = YES;
				IPHONEOS_DEPLOYMENT_TARGET = 8.4;
				MTL_ENABLE_DEBUG_INFO = NO;
				SDKROOT = iphoneos;
				TARGETED_DEVICE_FAMILY = "1,2";
				VALIDATE_PRODUCT = YES;
			};
			name = Release;
		};
		0486921F1BE3DB1B00D4906F /* Debug */ = {
			isa = XCBuildConfiguration;
			buildSettings = {
				ASSETCATALOG_COMPILER_APPICON_NAME = AppIcon;
				ASSETCATALOG_COMPILER_LAUNCHIMAGE_NAME = LaunchImage;
				GCC_PREFIX_HEADER = /Users/mac/Desktop/NeteaseNews/NeteaseNews/PrefixHeader.pch;
				INFOPLIST_FILE = NeteaseNews/Info.plist;
				LD_RUNPATH_SEARCH_PATHS = "$(inherited) @executable_path/Frameworks";
				PRODUCT_NAME = "$(TARGET_NAME)";
			};
			name = Debug;
		};
		048692201BE3DB1B00D4906F /* Release */ = {
			isa = XCBuildConfiguration;
			buildSettings = {
				ASSETCATALOG_COMPILER_APPICON_NAME = AppIcon;
				ASSETCATALOG_COMPILER_LAUNCHIMAGE_NAME = LaunchImage;
				GCC_PREFIX_HEADER = /Users/mac/Desktop/NeteaseNews/NeteaseNews/PrefixHeader.pch;
				INFOPLIST_FILE = NeteaseNews/Info.plist;
				LD_RUNPATH_SEARCH_PATHS = "$(inherited) @executable_path/Frameworks";
				PRODUCT_NAME = "$(TARGET_NAME)";
			};
			name = Release;
		};
		048692221BE3DB1B00D4906F /* Debug */ = {
			isa = XCBuildConfiguration;
			buildSettings = {
				BUNDLE_LOADER = "$(TEST_HOST)";
				FRAMEWORK_SEARCH_PATHS = (
					"$(SDKROOT)/Developer/Library/Frameworks",
					"$(inherited)",
				);
				GCC_PREPROCESSOR_DEFINITIONS = (
					"DEBUG=1",
					"$(inherited)",
				);
				INFOPLIST_FILE = NeteaseNewsTests/Info.plist;
				LD_RUNPATH_SEARCH_PATHS = "$(inherited) @executable_path/Frameworks @loader_path/Frameworks";
				PRODUCT_NAME = "$(TARGET_NAME)";
				TEST_HOST = "$(BUILT_PRODUCTS_DIR)/NeteaseNews.app/NeteaseNews";
			};
			name = Debug;
		};
		048692231BE3DB1B00D4906F /* Release */ = {
			isa = XCBuildConfiguration;
			buildSettings = {
				BUNDLE_LOADER = "$(TEST_HOST)";
				FRAMEWORK_SEARCH_PATHS = (
					"$(SDKROOT)/Developer/Library/Frameworks",
					"$(inherited)",
				);
				INFOPLIST_FILE = NeteaseNewsTests/Info.plist;
				LD_RUNPATH_SEARCH_PATHS = "$(inherited) @executable_path/Frameworks @loader_path/Frameworks";
				PRODUCT_NAME = "$(TARGET_NAME)";
				TEST_HOST = "$(BUILT_PRODUCTS_DIR)/NeteaseNews.app/NeteaseNews";
			};
			name = Release;
		};
/* End XCBuildConfiguration section */

/* Begin XCConfigurationList section */
		048691F31BE3DB1B00D4906F /* Build configuration list for PBXProject "NeteaseNews" */ = {
			isa = XCConfigurationList;
			buildConfigurations = (
				0486921C1BE3DB1B00D4906F /* Debug */,
				0486921D1BE3DB1B00D4906F /* Release */,
			);
			defaultConfigurationIsVisible = 0;
			defaultConfigurationName = Release;
		};
		0486921E1BE3DB1B00D4906F /* Build configuration list for PBXNativeTarget "NeteaseNews" */ = {
			isa = XCConfigurationList;
			buildConfigurations = (
				0486921F1BE3DB1B00D4906F /* Debug */,
				048692201BE3DB1B00D4906F /* Release */,
			);
			defaultConfigurationIsVisible = 0;
			defaultConfigurationName = Release;
		};
		048692211BE3DB1B00D4906F /* Build configuration list for PBXNativeTarget "NeteaseNewsTests" */ = {
			isa = XCConfigurationList;
			buildConfigurations = (
				048692221BE3DB1B00D4906F /* Debug */,
				048692231BE3DB1B00D4906F /* Release */,
			);
			defaultConfigurationIsVisible = 0;
			defaultConfigurationName = Release;
		};
/* End XCConfigurationList section */

/* Begin XCVersionGroup section */
		048692021BE3DB1B00D4906F /* NeteaseNews.xcdatamodeld */ = {
			isa = XCVersionGroup;
			children = (
				048692031BE3DB1B00D4906F /* NeteaseNews.xcdatamodel */,
			);
			currentVersion = 048692031BE3DB1B00D4906F /* NeteaseNews.xcdatamodel */;
			path = NeteaseNews.xcdatamodeld;
			sourceTree = "<group>";
			versionGroupType = wrapper.xcdatamodel;
		};
/* End XCVersionGroup section */
	};
	rootObject = 048691F01BE3DB1B00D4906F /* Project object */;
}
